{
    "_readme": [
        "This file locks the dependencies of your project to a known state",
        "Read more about it at https://getcomposer.org/doc/01-basic-usage.md#installing-dependencies",
        "This file is @generated automatically"
    ],
    "content-hash": "038eb276464696048c259cb51356b63e",
    "packages": [
        {
            "name": "silviolleite/laravelpwa",
            "version": "2.0.3",
            "source": {
                "type": "git",
                "url": "https://github.com/silviolleite/laravel-pwa.git",
                "reference": "5f7135d2ee870af01793c9fdf6b1b932b546e20e"
            },
            "dist": {
                "type": "zip",
                "url": "https://api.github.com/repos/silviolleite/laravel-pwa/zipball/5f7135d2ee870af01793c9fdf6b1b932b546e20e",
                "reference": "5f7135d2ee870af01793c9fdf6b1b932b546e20e",
                "shasum": ""
            },
            "type": "library",
            "extra": {
                "laravel": {
                    "providers": [
                        "LaravelPWA\\Providers\\LaravelPWAServiceProvider"
                    ]
                }
            },
            "autoload": {
                "psr-4": {
                    "LaravelPWA\\": ""
                }
            },
            "notification-url": "https://packagist.org/downloads/",
            "license": [
                "MIT"
            ],
            "authors": [
                {
                    "name": "Silvio Luis Leite",
                    "email": "silviolleite@gmail.com"
                }
            ],
            "description": "Looks like an app, feels like an app, but NOT an app.",
            "keywords": [
                "laravel",
                "php",
                "progressive web apps",
                "pwa"
            ],
            "support": {
                "issues": "https://github.com/silviolleite/laravel-pwa/issues",
                "source": "https://github.com/silviolleite/laravel-pwa/tree/2.0.3"
            },
            "time": "2020-08-20T12:19:16+00:00"
        }
    ],
    "packages-dev": [],
    "aliases": [],
    "minimum-stability": "stable",
    "stability-flags": [],
    "prefer-stable": false,
    "prefer-lowest": false,
    "platform": [],
    "platform-dev": [],
    "plugin-api-version": "2.3.0"
}
